
Microsoft Visual Studio Solution File, Format Version 12.00
# Visual Studio Version 17
VisualStudioVersion = 17.4.33213.308
MinimumVisualStudioVersion = 10.0.40219.1
Project("{FAE04EC0-301F-11D3-BF4B-00C04F79EFBC}") = "FluentValidationTest", "FluentValidationTest\FluentValidationTest.csproj", "{968409D2-D13C-468F-AA0D-190181217B05}"
EndProject
Global
	GlobalSection(SolutionConfigurationPlatforms) = preSolution
		Debug|Any CPU = Debug|Any CPU
		Release|Any CPU = Release|Any CPU
	EndGlobalSection
	GlobalSection(ProjectConfigurationPlatforms) = postSolution
		{968409D2-D13C-468F-AA0D-190181217B05}.Debug|Any CPU.ActiveCfg = Debug|Any CPU
		{968409D2-D13C-468F-AA0D-190181217B05}.Debug|Any CPU.Build.0 = Debug|Any CPU
		{968409D2-D13C-468F-AA0D-190181217B05}.Release|Any CPU.ActiveCfg = Release|Any CPU
		{968409D2-D13C-468F-AA0D-190181217B05}.Release|Any CPU.Build.0 = Release|Any CPU
	EndGlobalSection
	GlobalSection(SolutionProperties) = preSolution
		HideSolutionNode = FALSE
	EndGlobalSection
	GlobalSection(ExtensibilityGlobals) = postSolution
		SolutionGuid = {721583A7-CFA7-4D31-B184-54C35D7FAF53}
	EndGlobalSection
EndGlobal
